
Microsoft Visual Studio Solution File, Format Version 12.00
# Visual Studio Version 17
VisualStudioVersion = 17.4.33205.214
MinimumVisualStudioVersion = 10.0.40219.1
Project("{9A19103F-16F7-4668-BE54-9A1E7A4F7556}") = "project", "project\project.csproj", "{9A921536-FA3D-4DC6-AC88-A5123CC58AD0}"
EndProject
Project("{9A19103F-16F7-4668-BE54-9A1E7A4F7556}") = "Common.RepositoryComponent", "RepositoryComponent\Common.RepositoryComponent.csproj", "{099E5763-C581-4FE5-AE00-E0CFF3287FB6}"
EndProject
Project("{9A19103F-16F7-4668-BE54-9A1E7A4F7556}") = "Common.DapperDal", "DapperDal\Common.DapperDal.csproj", "{8592AD7B-E15C-4FC2-81EB-7D2C21F6EB6E}"
EndProject
Project("{9A19103F-16F7-4668-BE54-9A1E7A4F7556}") = "Common.Util", "Common.Util\Common.Util.csproj", "{FFF5D73C-0089-41A8-8085-86AFFE0F5DFB}"
EndProject
Project("{9A19103F-16F7-4668-BE54-9A1E7A4F7556}") = "Common.MessageMiddleware", "MessageMiddleware\Common.MessageMiddleware.csproj", "{813C5D67-CF02-428B-B822-76776C04C541}"
EndProject
Project("{9A19103F-16F7-4668-BE54-9A1E7A4F7556}") = "ConsumerClient", "ConsumerClient\ConsumerClient.csproj", "{BF0EEE4F-F60F-4624-9D19-F66945C8218B}"
EndProject
Project("{9A19103F-16F7-4668-BE54-9A1E7A4F7556}") = "Common.MongoDb", "MongoDb\Common.MongoDb.csproj", "{55D0837F-9818-408E-9CF3-7B6D0D3ACF3F}"
EndProject
Project("{2150E333-8FDC-42A3-9474-1A3956D46DE8}") = "Tests", "Tests", "{C187F47F-6B7B-4F33-A519-07A6761E4CCE}"
EndProject
Project("{9A19103F-16F7-4668-BE54-9A1E7A4F7556}") = "Common..DistributedId", "DistributedId\Common..DistributedId.csproj", "{1C75C228-DC52-42D0-A21A-F8299C0C4737}"
EndProject
Project("{9A19103F-16F7-4668-BE54-9A1E7A4F7556}") = "Common.DistributedLock.Abstractions", "DistributedLock.Abstractions\Common.DistributedLock.Abstractions.csproj", "{5178EAEC-51DF-4A79-A1AE-8A98B7088033}"
EndProject
Project("{9A19103F-16F7-4668-BE54-9A1E7A4F7556}") = "Common.DistributedLock.Redis", "DistributedLock.Redis\Common.DistributedLock.Redis.csproj", "{EA873895-8553-4B48-BF20-B5E6A629FD10}"
EndProject
Project("{9A19103F-16F7-4668-BE54-9A1E7A4F7556}") = "Common.DistributedLock.InMemory", "DistributedLock.InMemory\Common.DistributedLock.InMemory.csproj", "{B24E298F-6895-4C36-AC67-92A6656624F1}"
EndProject
Project("{9A19103F-16F7-4668-BE54-9A1E7A4F7556}") = "Common.Cache", "Cache\Common.Cache.csproj", "{8AC2D7DD-F89C-4F97-A987-FCB4AF9404F3}"
EndProject
Project("{2150E333-8FDC-42A3-9474-1A3956D46DE8}") = "GrpcService", "GrpcService", "{FEABF7A2-B6A8-4A89-ABD4-691785A5585F}"
EndProject
Project("{9A19103F-16F7-4668-BE54-9A1E7A4F7556}") = "MicroService.Shared", "GrpcHttpService\MicroService.Shared\MicroService.Shared.csproj", "{2DFFF355-8262-49C6-8771-3AD39984749F}"
EndProject
Project("{9A19103F-16F7-4668-BE54-9A1E7A4F7556}") = "JwtAuthApp.Server", "GrpcHttpService\JwtAuthApp.Server\JwtAuthApp.Server.csproj", "{C1A845DC-E52C-491A-AC98-521822BCDBE9}"
EndProject
Project("{9A19103F-16F7-4668-BE54-9A1E7A4F7556}") = "Login.Client", "GrpcHttpService\Login.Client\Login.Client.csproj", "{B732383E-7669-4F8A-A381-A441DF8CF8F1}"
EndProject
Project("{9A19103F-16F7-4668-BE54-9A1E7A4F7556}") = "Login.Client002", "GrpcHttpService\Login.Client002\Login.Client002.csproj", "{9783879C-3B64-4F46-962A-1FF56E92E5BF}"
EndProject
Project("{9A19103F-16F7-4668-BE54-9A1E7A4F7556}") = "Common.RestSharpClient", "RestSharpClient\Common.RestSharpClient.csproj", "{D13B27D3-39D3-42C8-A52D-F28BAF8BCB0C}"
EndProject
Project("{2150E333-8FDC-42A3-9474-1A3956D46DE8}") = "OrleansService", "OrleansService", "{763585D2-7087-4F47-A3FF-71C589819105}"
EndProject
Project("{9A19103F-16F7-4668-BE54-9A1E7A4F7556}") = "AdventureGrainInterfaces", "OrderService\AdventureGrainInterfaces\AdventureGrainInterfaces.csproj", "{FBC9644C-2046-4A8D-8AA7-661C1BFF7C80}"
EndProject
Project("{9A19103F-16F7-4668-BE54-9A1E7A4F7556}") = "AdventureGrains", "OrderService\AdventureGrains\AdventureGrains.csproj", "{C6542C68-59F3-416C-9EB6-826B580567BA}"
EndProject
Project("{9A19103F-16F7-4668-BE54-9A1E7A4F7556}") = "Order.Server", "OrderService\Sample.Server\Order.Server.csproj", "{B865CF40-7930-4D04-8518-C4E310F75C52}"
EndProject
Project("{2150E333-8FDC-42A3-9474-1A3956D46DE8}") = "MicroService", "MicroService", "{D1286CC7-4E70-46ED-9FD9-4B36AFE78E8D}"
EndProject
Project("{2150E333-8FDC-42A3-9474-1A3956D46DE8}") = "Customers.Service", "Customers.Service", "{07C0F4C3-92EE-4CB4-A5FE-FFA46F190ED6}"
EndProject
Project("{9A19103F-16F7-4668-BE54-9A1E7A4F7556}") = "Customers.Center", "MicroService\Customer.Service\Customer.WebApi\Customers.Center.csproj", "{B6CF122E-A142-4AB1-8B1C-EF34005569D1}"
EndProject
Project("{2150E333-8FDC-42A3-9474-1A3956D46DE8}") = "Ordering.Service", "Ordering.Service", "{A647E5FA-D989-42DA-B4A1-90CC28EDD858}"
EndProject
Project("{9A19103F-16F7-4668-BE54-9A1E7A4F7556}") = "Ordering.WebApi", "MicroService\Ordering.Service\Ordering.WebApi\Ordering.WebApi.csproj", "{C7F765E8-A4BA-46F9-834E-396290583BEE}"
EndProject
Project("{9A19103F-16F7-4668-BE54-9A1E7A4F7556}") = "Customers.Domain", "MicroService\Customer.Service\Custoemr.domain\Customers.Domain.csproj", "{B047B092-F297-4C9F-BF23-73E0201081B7}"
EndProject
Project("{9A19103F-16F7-4668-BE54-9A1E7A4F7556}") = "Customers.Infrastructure", "MicroService\Customer.Service\Customer.Infrastructure\Customers.Infrastructure.csproj", "{6EBFE2EB-37E9-49EA-989C-E79DF76036F1}"
EndProject
Project("{2150E333-8FDC-42A3-9474-1A3956D46DE8}") = "GrpcShared", "GrpcShared", "{79A6B74F-340C-4F2B-B598-A3986B2777A5}"
EndProject
Project("{9A19103F-16F7-4668-BE54-9A1E7A4F7556}") = "Shared", "MicroService\GrpcShared\Shared\Shared.csproj", "{8B165610-48B5-40CB-AF73-36C752A0501C}"
EndProject
Project("{2150E333-8FDC-42A3-9474-1A3956D46DE8}") = "GrpcService", "GrpcService", "{64335C2C-309C-4C87-8EE0-3AEE435BD99D}"
EndProject
Project("{9A19103F-16F7-4668-BE54-9A1E7A4F7556}") = "GrpcService", "MicroService\GrpcService\GrpcService\GrpcService.csproj", "{C19C3BA1-FCA4-4C23-B761-8C6C2967E3BA}"
EndProject
Project("{2150E333-8FDC-42A3-9474-1A3956D46DE8}") = "Catalog.Service", "Catalog.Service", "{1A42A9BD-54A7-41D9-A132-E2A6E998D420}"
EndProject
Project("{9A19103F-16F7-4668-BE54-9A1E7A4F7556}") = "Catalogs.Domain", "MicroService\Catalog.Service\Catalogs.Domain\Catalogs.Domain.csproj", "{3A66FC81-DF1F-468D-8B17-8BECA787FEBF}"
EndProject
Project("{9A19103F-16F7-4668-BE54-9A1E7A4F7556}") = "Catalogs.Infrastructure", "MicroService\Catalog.Service\Catalogs.Infrastructure\Catalogs.Infrastructure.csproj", "{55C26C48-ACD6-420F-83A6-5B16C42A3D93}"
EndProject
Project("{9A19103F-16F7-4668-BE54-9A1E7A4F7556}") = "Catalogs.WebApi", "MicroService\Catalog.Service\Catalogs.WebApi\Catalogs.WebApi.csproj", "{3C42FA16-7CE4-4C14-BC59-42BF31B12B91}"
EndProject
Project("{2150E333-8FDC-42A3-9474-1A3956D46DE8}") = "Paying.Service", "Paying.Service", "{A4BC41CB-6215-4F87-9FB6-F9AE2F1C3320}"
EndProject
Project("{9A19103F-16F7-4668-BE54-9A1E7A4F7556}") = "Paying.Infrastructure", "MicroService\Paying.Service\Paying.Infrastructure\Paying.Infrastructure.csproj", "{FCC905D3-575B-4B09-AF97-FD9B493DC6BC}"
EndProject
Project("{9A19103F-16F7-4668-BE54-9A1E7A4F7556}") = "Paying.Domain", "MicroService\Paying.Service\Paying.Domain\Paying.Domain.csproj", "{7E0097D4-CBD0-4790-A370-0A4BAE70F193}"
EndProject
Project("{9A19103F-16F7-4668-BE54-9A1E7A4F7556}") = "Paying.WebApi", "MicroService\Paying.Service\Paying.WebApi\Paying.WebApi.csproj", "{90ABD365-8107-49E3-9B6D-1C55E17013AF}"
EndProject
Project("{2150E333-8FDC-42A3-9474-1A3956D46DE8}") = "Message.Service", "Message.Service", "{D2E42A79-6443-4A33-8C12-8FACF5B69D1B}"
EndProject
Project("{9A19103F-16F7-4668-BE54-9A1E7A4F7556}") = "Message.WebApi", "MicroService\Message.Service\Message.WebApi\Message.WebApi.csproj", "{1654E143-5587-4152-9570-0D3A340FA1AA}"
EndProject
Project("{9A19103F-16F7-4668-BE54-9A1E7A4F7556}") = "WebScoket.Server", "WebSocket.Server\WebScoket.Server.csproj", "{454B479B-C3DE-49F3-A0F7-04EBD9FECDA6}"
EndProject
Project("{9A19103F-16F7-4668-BE54-9A1E7A4F7556}") = "WebClient", "WebClient\WebClient.csproj", "{51907B04-D029-4080-A109-61372F00D2D8}"
EndProject
Project("{9A19103F-16F7-4668-BE54-9A1E7A4F7556}") = "Common.Redis", "Common.Redis\Common.Redis.csproj", "{38FA9364-5EDA-4232-8285-8B3BA059EF29}"
EndProject
Global
	GlobalSection(SolutionConfigurationPlatforms) = preSolution
		Debug|Any CPU = Debug|Any CPU
		Release|Any CPU = Release|Any CPU
	EndGlobalSection
	GlobalSection(ProjectConfigurationPlatforms) = postSolution
		{9A921536-FA3D-4DC6-AC88-A5123CC58AD0}.Debug|Any CPU.ActiveCfg = Debug|Any CPU
		{9A921536-FA3D-4DC6-AC88-A5123CC58AD0}.Debug|Any CPU.Build.0 = Debug|Any CPU
		{9A921536-FA3D-4DC6-AC88-A5123CC58AD0}.Release|Any CPU.ActiveCfg = Release|Any CPU
		{9A921536-FA3D-4DC6-AC88-A5123CC58AD0}.Release|Any CPU.Build.0 = Release|Any CPU
		{099E5763-C581-4FE5-AE00-E0CFF3287FB6}.Debug|Any CPU.ActiveCfg = Debug|Any CPU
		{099E5763-C581-4FE5-AE00-E0CFF3287FB6}.Debug|Any CPU.Build.0 = Debug|Any CPU
		{099E5763-C581-4FE5-AE00-E0CFF3287FB6}.Release|Any CPU.ActiveCfg = Release|Any CPU
		{099E5763-C581-4FE5-AE00-E0CFF3287FB6}.Release|Any CPU.Build.0 = Release|Any CPU
		{8592AD7B-E15C-4FC2-81EB-7D2C21F6EB6E}.Debug|Any CPU.ActiveCfg = Debug|Any CPU
		{8592AD7B-E15C-4FC2-81EB-7D2C21F6EB6E}.Debug|Any CPU.Build.0 = Debug|Any CPU
		{8592AD7B-E15C-4FC2-81EB-7D2C21F6EB6E}.Release|Any CPU.ActiveCfg = Release|Any CPU
		{8592AD7B-E15C-4FC2-81EB-7D2C21F6EB6E}.Release|Any CPU.Build.0 = Release|Any CPU
		{FFF5D73C-0089-41A8-8085-86AFFE0F5DFB}.Debug|Any CPU.ActiveCfg = Debug|Any CPU
		{FFF5D73C-0089-41A8-8085-86AFFE0F5DFB}.Debug|Any CPU.Build.0 = Debug|Any CPU
		{FFF5D73C-0089-41A8-8085-86AFFE0F5DFB}.Release|Any CPU.ActiveCfg = Release|Any CPU
		{FFF5D73C-0089-41A8-8085-86AFFE0F5DFB}.Release|Any CPU.Build.0 = Release|Any CPU
		{813C5D67-CF02-428B-B822-76776C04C541}.Debug|Any CPU.ActiveCfg = Debug|Any CPU
		{813C5D67-CF02-428B-B822-76776C04C541}.Debug|Any CPU.Build.0 = Debug|Any CPU
		{813C5D67-CF02-428B-B822-76776C04C541}.Release|Any CPU.ActiveCfg = Release|Any CPU
		{813C5D67-CF02-428B-B822-76776C04C541}.Release|Any CPU.Build.0 = Release|Any CPU
		{BF0EEE4F-F60F-4624-9D19-F66945C8218B}.Debug|Any CPU.ActiveCfg = Debug|Any CPU
		{BF0EEE4F-F60F-4624-9D19-F66945C8218B}.Debug|Any CPU.Build.0 = Debug|Any CPU
		{BF0EEE4F-F60F-4624-9D19-F66945C8218B}.Release|Any CPU.ActiveCfg = Release|Any CPU
		{BF0EEE4F-F60F-4624-9D19-F66945C8218B}.Release|Any CPU.Build.0 = Release|Any CPU
		{55D0837F-9818-408E-9CF3-7B6D0D3ACF3F}.Debug|Any CPU.ActiveCfg = Debug|Any CPU
		{55D0837F-9818-408E-9CF3-7B6D0D3ACF3F}.Debug|Any CPU.Build.0 = Debug|Any CPU
		{55D0837F-9818-408E-9CF3-7B6D0D3ACF3F}.Release|Any CPU.ActiveCfg = Release|Any CPU
		{55D0837F-9818-408E-9CF3-7B6D0D3ACF3F}.Release|Any CPU.Build.0 = Release|Any CPU
		{1C75C228-DC52-42D0-A21A-F8299C0C4737}.Debug|Any CPU.ActiveCfg = Debug|Any CPU
		{1C75C228-DC52-42D0-A21A-F8299C0C4737}.Debug|Any CPU.Build.0 = Debug|Any CPU
		{1C75C228-DC52-42D0-A21A-F8299C0C4737}.Release|Any CPU.ActiveCfg = Release|Any CPU
		{1C75C228-DC52-42D0-A21A-F8299C0C4737}.Release|Any CPU.Build.0 = Release|Any CPU
		{5178EAEC-51DF-4A79-A1AE-8A98B7088033}.Debug|Any CPU.ActiveCfg = Debug|Any CPU
		{5178EAEC-51DF-4A79-A1AE-8A98B7088033}.Debug|Any CPU.Build.0 = Debug|Any CPU
		{5178EAEC-51DF-4A79-A1AE-8A98B7088033}.Release|Any CPU.ActiveCfg = Release|Any CPU
		{5178EAEC-51DF-4A79-A1AE-8A98B7088033}.Release|Any CPU.Build.0 = Release|Any CPU
		{EA873895-8553-4B48-BF20-B5E6A629FD10}.Debug|Any CPU.ActiveCfg = Debug|Any CPU
		{EA873895-8553-4B48-BF20-B5E6A629FD10}.Debug|Any CPU.Build.0 = Debug|Any CPU
		{EA873895-8553-4B48-BF20-B5E6A629FD10}.Release|Any CPU.ActiveCfg = Release|Any CPU
		{EA873895-8553-4B48-BF20-B5E6A629FD10}.Release|Any CPU.Build.0 = Release|Any CPU
		{B24E298F-6895-4C36-AC67-92A6656624F1}.Debug|Any CPU.ActiveCfg = Debug|Any CPU
		{B24E298F-6895-4C36-AC67-92A6656624F1}.Debug|Any CPU.Build.0 = Debug|Any CPU
		{B24E298F-6895-4C36-AC67-92A6656624F1}.Release|Any CPU.ActiveCfg = Release|Any CPU
		{B24E298F-6895-4C36-AC67-92A6656624F1}.Release|Any CPU.Build.0 = Release|Any CPU
		{8AC2D7DD-F89C-4F97-A987-FCB4AF9404F3}.Debug|Any CPU.ActiveCfg = Debug|Any CPU
		{8AC2D7DD-F89C-4F97-A987-FCB4AF9404F3}.Debug|Any CPU.Build.0 = Debug|Any CPU
		{8AC2D7DD-F89C-4F97-A987-FCB4AF9404F3}.Release|Any CPU.ActiveCfg = Release|Any CPU
		{8AC2D7DD-F89C-4F97-A987-FCB4AF9404F3}.Release|Any CPU.Build.0 = Release|Any CPU
		{2DFFF355-8262-49C6-8771-3AD39984749F}.Debug|Any CPU.ActiveCfg = Debug|Any CPU
		{2DFFF355-8262-49C6-8771-3AD39984749F}.Debug|Any CPU.Build.0 = Debug|Any CPU
		{2DFFF355-8262-49C6-8771-3AD39984749F}.Release|Any CPU.ActiveCfg = Release|Any CPU
		{2DFFF355-8262-49C6-8771-3AD39984749F}.Release|Any CPU.Build.0 = Release|Any CPU
		{C1A845DC-E52C-491A-AC98-521822BCDBE9}.Debug|Any CPU.ActiveCfg = Debug|Any CPU
		{C1A845DC-E52C-491A-AC98-521822BCDBE9}.Debug|Any CPU.Build.0 = Debug|Any CPU
		{C1A845DC-E52C-491A-AC98-521822BCDBE9}.Release|Any CPU.ActiveCfg = Release|Any CPU
		{C1A845DC-E52C-491A-AC98-521822BCDBE9}.Release|Any CPU.Build.0 = Release|Any CPU
		{B732383E-7669-4F8A-A381-A441DF8CF8F1}.Debug|Any CPU.ActiveCfg = Debug|Any CPU
		{B732383E-7669-4F8A-A381-A441DF8CF8F1}.Debug|Any CPU.Build.0 = Debug|Any CPU
		{B732383E-7669-4F8A-A381-A441DF8CF8F1}.Release|Any CPU.ActiveCfg = Release|Any CPU
		{B732383E-7669-4F8A-A381-A441DF8CF8F1}.Release|Any CPU.Build.0 = Release|Any CPU
		{9783879C-3B64-4F46-962A-1FF56E92E5BF}.Debug|Any CPU.ActiveCfg = Debug|Any CPU
		{9783879C-3B64-4F46-962A-1FF56E92E5BF}.Debug|Any CPU.Build.0 = Debug|Any CPU
		{9783879C-3B64-4F46-962A-1FF56E92E5BF}.Release|Any CPU.ActiveCfg = Release|Any CPU
		{9783879C-3B64-4F46-962A-1FF56E92E5BF}.Release|Any CPU.Build.0 = Release|Any CPU
		{D13B27D3-39D3-42C8-A52D-F28BAF8BCB0C}.Debug|Any CPU.ActiveCfg = Debug|Any CPU
		{D13B27D3-39D3-42C8-A52D-F28BAF8BCB0C}.Debug|Any CPU.Build.0 = Debug|Any CPU
		{D13B27D3-39D3-42C8-A52D-F28BAF8BCB0C}.Release|Any CPU.ActiveCfg = Release|Any CPU
		{D13B27D3-39D3-42C8-A52D-F28BAF8BCB0C}.Release|Any CPU.Build.0 = Release|Any CPU
		{FBC9644C-2046-4A8D-8AA7-661C1BFF7C80}.Debug|Any CPU.ActiveCfg = Debug|Any CPU
		{FBC9644C-2046-4A8D-8AA7-661C1BFF7C80}.Debug|Any CPU.Build.0 = Debug|Any CPU
		{FBC9644C-2046-4A8D-8AA7-661C1BFF7C80}.Release|Any CPU.ActiveCfg = Release|Any CPU
		{FBC9644C-2046-4A8D-8AA7-661C1BFF7C80}.Release|Any CPU.Build.0 = Release|Any CPU
		{C6542C68-59F3-416C-9EB6-826B580567BA}.Debug|Any CPU.ActiveCfg = Debug|Any CPU
		{C6542C68-59F3-416C-9EB6-826B580567BA}.Debug|Any CPU.Build.0 = Debug|Any CPU
		{C6542C68-59F3-416C-9EB6-826B580567BA}.Release|Any CPU.ActiveCfg = Release|Any CPU
		{C6542C68-59F3-416C-9EB6-826B580567BA}.Release|Any CPU.Build.0 = Release|Any CPU
		{B865CF40-7930-4D04-8518-C4E310F75C52}.Debug|Any CPU.ActiveCfg = Debug|Any CPU
		{B865CF40-7930-4D04-8518-C4E310F75C52}.Debug|Any CPU.Build.0 = Debug|Any CPU
		{B865CF40-7930-4D04-8518-C4E310F75C52}.Release|Any CPU.ActiveCfg = Release|Any CPU
		{B865CF40-7930-4D04-8518-C4E310F75C52}.Release|Any CPU.Build.0 = Release|Any CPU
		{B6CF122E-A142-4AB1-8B1C-EF34005569D1}.Debug|Any CPU.ActiveCfg = Debug|Any CPU
		{B6CF122E-A142-4AB1-8B1C-EF34005569D1}.Debug|Any CPU.Build.0 = Debug|Any CPU
		{B6CF122E-A142-4AB1-8B1C-EF34005569D1}.Release|Any CPU.ActiveCfg = Release|Any CPU
		{B6CF122E-A142-4AB1-8B1C-EF34005569D1}.Release|Any CPU.Build.0 = Release|Any CPU
		{C7F765E8-A4BA-46F9-834E-396290583BEE}.Debug|Any CPU.ActiveCfg = Debug|Any CPU
		{C7F765E8-A4BA-46F9-834E-396290583BEE}.Debug|Any CPU.Build.0 = Debug|Any CPU
		{C7F765E8-A4BA-46F9-834E-396290583BEE}.Release|Any CPU.ActiveCfg = Release|Any CPU
		{C7F765E8-A4BA-46F9-834E-396290583BEE}.Release|Any CPU.Build.0 = Release|Any CPU
		{B047B092-F297-4C9F-BF23-73E0201081B7}.Debug|Any CPU.ActiveCfg = Debug|Any CPU
		{B047B092-F297-4C9F-BF23-73E0201081B7}.Debug|Any CPU.Build.0 = Debug|Any CPU
		{B047B092-F297-4C9F-BF23-73E0201081B7}.Release|Any CPU.ActiveCfg = Release|Any CPU
		{B047B092-F297-4C9F-BF23-73E0201081B7}.Release|Any CPU.Build.0 = Release|Any CPU
		{6EBFE2EB-37E9-49EA-989C-E79DF76036F1}.Debug|Any CPU.ActiveCfg = Debug|Any CPU
		{6EBFE2EB-37E9-49EA-989C-E79DF76036F1}.Debug|Any CPU.Build.0 = Debug|Any CPU
		{6EBFE2EB-37E9-49EA-989C-E79DF76036F1}.Release|Any CPU.ActiveCfg = Release|Any CPU
		{6EBFE2EB-37E9-49EA-989C-E79DF76036F1}.Release|Any CPU.Build.0 = Release|Any CPU
		{8B165610-48B5-40CB-AF73-36C752A0501C}.Debug|Any CPU.ActiveCfg = Debug|Any CPU
		{8B165610-48B5-40CB-AF73-36C752A0501C}.Debug|Any CPU.Build.0 = Debug|Any CPU
		{8B165610-48B5-40CB-AF73-36C752A0501C}.Release|Any CPU.ActiveCfg = Release|Any CPU
		{8B165610-48B5-40CB-AF73-36C752A0501C}.Release|Any CPU.Build.0 = Release|Any CPU
		{C19C3BA1-FCA4-4C23-B761-8C6C2967E3BA}.Debug|Any CPU.ActiveCfg = Debug|Any CPU
		{C19C3BA1-FCA4-4C23-B761-8C6C2967E3BA}.Debug|Any CPU.Build.0 = Debug|Any CPU
		{C19C3BA1-FCA4-4C23-B761-8C6C2967E3BA}.Release|Any CPU.ActiveCfg = Release|Any CPU
		{C19C3BA1-FCA4-4C23-B761-8C6C2967E3BA}.Release|Any CPU.Build.0 = Release|Any CPU
		{3A66FC81-DF1F-468D-8B17-8BECA787FEBF}.Debug|Any CPU.ActiveCfg = Debug|Any CPU
		{3A66FC81-DF1F-468D-8B17-8BECA787FEBF}.Debug|Any CPU.Build.0 = Debug|Any CPU
		{3A66FC81-DF1F-468D-8B17-8BECA787FEBF}.Release|Any CPU.ActiveCfg = Release|Any CPU
		{3A66FC81-DF1F-468D-8B17-8BECA787FEBF}.Release|Any CPU.Build.0 = Release|Any CPU
		{55C26C48-ACD6-420F-83A6-5B16C42A3D93}.Debug|Any CPU.ActiveCfg = Debug|Any CPU
		{55C26C48-ACD6-420F-83A6-5B16C42A3D93}.Debug|Any CPU.Build.0 = Debug|Any CPU
		{55C26C48-ACD6-420F-83A6-5B16C42A3D93}.Release|Any CPU.ActiveCfg = Release|Any CPU
		{55C26C48-ACD6-420F-83A6-5B16C42A3D93}.Release|Any CPU.Build.0 = Release|Any CPU
		{3C42FA16-7CE4-4C14-BC59-42BF31B12B91}.Debug|Any CPU.ActiveCfg = Debug|Any CPU
		{3C42FA16-7CE4-4C14-BC59-42BF31B12B91}.Debug|Any CPU.Build.0 = Debug|Any CPU
		{3C42FA16-7CE4-4C14-BC59-42BF31B12B91}.Release|Any CPU.ActiveCfg = Release|Any CPU
		{3C42FA16-7CE4-4C14-BC59-42BF31B12B91}.Release|Any CPU.Build.0 = Release|Any CPU
		{FCC905D3-575B-4B09-AF97-FD9B493DC6BC}.Debug|Any CPU.ActiveCfg = Debug|Any CPU
		{FCC905D3-575B-4B09-AF97-FD9B493DC6BC}.Debug|Any CPU.Build.0 = Debug|Any CPU
		{FCC905D3-575B-4B09-AF97-FD9B493DC6BC}.Release|Any CPU.ActiveCfg = Release|Any CPU
		{FCC905D3-575B-4B09-AF97-FD9B493DC6BC}.Release|Any CPU.Build.0 = Release|Any CPU
		{7E0097D4-CBD0-4790-A370-0A4BAE70F193}.Debug|Any CPU.ActiveCfg = Debug|Any CPU
		{7E0097D4-CBD0-4790-A370-0A4BAE70F193}.Debug|Any CPU.Build.0 = Debug|Any CPU
		{7E0097D4-CBD0-4790-A370-0A4BAE70F193}.Release|Any CPU.ActiveCfg = Release|Any CPU
		{7E0097D4-CBD0-4790-A370-0A4BAE70F193}.Release|Any CPU.Build.0 = Release|Any CPU
		{90ABD365-8107-49E3-9B6D-1C55E17013AF}.Debug|Any CPU.ActiveCfg = Debug|Any CPU
		{90ABD365-8107-49E3-9B6D-1C55E17013AF}.Debug|Any CPU.Build.0 = Debug|Any CPU
		{90ABD365-8107-49E3-9B6D-1C55E17013AF}.Release|Any CPU.ActiveCfg = Release|Any CPU
		{90ABD365-8107-49E3-9B6D-1C55E17013AF}.Release|Any CPU.Build.0 = Release|Any CPU
		{1654E143-5587-4152-9570-0D3A340FA1AA}.Debug|Any CPU.ActiveCfg = Debug|Any CPU
		{1654E143-5587-4152-9570-0D3A340FA1AA}.Debug|Any CPU.Build.0 = Debug|Any CPU
		{1654E143-5587-4152-9570-0D3A340FA1AA}.Release|Any CPU.ActiveCfg = Release|Any CPU
		{1654E143-5587-4152-9570-0D3A340FA1AA}.Release|Any CPU.Build.0 = Release|Any CPU
		{454B479B-C3DE-49F3-A0F7-04EBD9FECDA6}.Debug|Any CPU.ActiveCfg = Debug|Any CPU
		{454B479B-C3DE-49F3-A0F7-04EBD9FECDA6}.Debug|Any CPU.Build.0 = Debug|Any CPU
		{454B479B-C3DE-49F3-A0F7-04EBD9FECDA6}.Release|Any CPU.ActiveCfg = Release|Any CPU
		{454B479B-C3DE-49F3-A0F7-04EBD9FECDA6}.Release|Any CPU.Build.0 = Release|Any CPU
		{51907B04-D029-4080-A109-61372F00D2D8}.Debug|Any CPU.ActiveCfg = Debug|Any CPU
		{51907B04-D029-4080-A109-61372F00D2D8}.Debug|Any CPU.Build.0 = Debug|Any CPU
		{51907B04-D029-4080-A109-61372F00D2D8}.Release|Any CPU.ActiveCfg = Release|Any CPU
		{51907B04-D029-4080-A109-61372F00D2D8}.Release|Any CPU.Build.0 = Release|Any CPU
		{38FA9364-5EDA-4232-8285-8B3BA059EF29}.Debug|Any CPU.ActiveCfg = Debug|Any CPU
		{38FA9364-5EDA-4232-8285-8B3BA059EF29}.Debug|Any CPU.Build.0 = Debug|Any CPU
		{38FA9364-5EDA-4232-8285-8B3BA059EF29}.Release|Any CPU.ActiveCfg = Release|Any CPU
		{38FA9364-5EDA-4232-8285-8B3BA059EF29}.Release|Any CPU.Build.0 = Release|Any CPU
	EndGlobalSection
	GlobalSection(SolutionProperties) = preSolution
		HideSolutionNode = FALSE
	EndGlobalSection
	GlobalSection(NestedProjects) = preSolution
		{FEABF7A2-B6A8-4A89-ABD4-691785A5585F} = {C187F47F-6B7B-4F33-A519-07A6761E4CCE}
		{2DFFF355-8262-49C6-8771-3AD39984749F} = {FEABF7A2-B6A8-4A89-ABD4-691785A5585F}
		{C1A845DC-E52C-491A-AC98-521822BCDBE9} = {FEABF7A2-B6A8-4A89-ABD4-691785A5585F}
		{B732383E-7669-4F8A-A381-A441DF8CF8F1} = {FEABF7A2-B6A8-4A89-ABD4-691785A5585F}
		{9783879C-3B64-4F46-962A-1FF56E92E5BF} = {FEABF7A2-B6A8-4A89-ABD4-691785A5585F}
		{763585D2-7087-4F47-A3FF-71C589819105} = {C187F47F-6B7B-4F33-A519-07A6761E4CCE}
		{FBC9644C-2046-4A8D-8AA7-661C1BFF7C80} = {763585D2-7087-4F47-A3FF-71C589819105}
		{C6542C68-59F3-416C-9EB6-826B580567BA} = {763585D2-7087-4F47-A3FF-71C589819105}
		{B865CF40-7930-4D04-8518-C4E310F75C52} = {763585D2-7087-4F47-A3FF-71C589819105}
		{07C0F4C3-92EE-4CB4-A5FE-FFA46F190ED6} = {D1286CC7-4E70-46ED-9FD9-4B36AFE78E8D}
		{B6CF122E-A142-4AB1-8B1C-EF34005569D1} = {07C0F4C3-92EE-4CB4-A5FE-FFA46F190ED6}
		{A647E5FA-D989-42DA-B4A1-90CC28EDD858} = {D1286CC7-4E70-46ED-9FD9-4B36AFE78E8D}
		{C7F765E8-A4BA-46F9-834E-396290583BEE} = {A647E5FA-D989-42DA-B4A1-90CC28EDD858}
		{B047B092-F297-4C9F-BF23-73E0201081B7} = {07C0F4C3-92EE-4CB4-A5FE-FFA46F190ED6}
		{6EBFE2EB-37E9-49EA-989C-E79DF76036F1} = {07C0F4C3-92EE-4CB4-A5FE-FFA46F190ED6}
		{79A6B74F-340C-4F2B-B598-A3986B2777A5} = {D1286CC7-4E70-46ED-9FD9-4B36AFE78E8D}
		{8B165610-48B5-40CB-AF73-36C752A0501C} = {79A6B74F-340C-4F2B-B598-A3986B2777A5}
		{64335C2C-309C-4C87-8EE0-3AEE435BD99D} = {D1286CC7-4E70-46ED-9FD9-4B36AFE78E8D}
		{C19C3BA1-FCA4-4C23-B761-8C6C2967E3BA} = {64335C2C-309C-4C87-8EE0-3AEE435BD99D}
		{1A42A9BD-54A7-41D9-A132-E2A6E998D420} = {D1286CC7-4E70-46ED-9FD9-4B36AFE78E8D}
		{3A66FC81-DF1F-468D-8B17-8BECA787FEBF} = {1A42A9BD-54A7-41D9-A132-E2A6E998D420}
		{55C26C48-ACD6-420F-83A6-5B16C42A3D93} = {1A42A9BD-54A7-41D9-A132-E2A6E998D420}
		{3C42FA16-7CE4-4C14-BC59-42BF31B12B91} = {1A42A9BD-54A7-41D9-A132-E2A6E998D420}
		{A4BC41CB-6215-4F87-9FB6-F9AE2F1C3320} = {D1286CC7-4E70-46ED-9FD9-4B36AFE78E8D}
		{FCC905D3-575B-4B09-AF97-FD9B493DC6BC} = {A4BC41CB-6215-4F87-9FB6-F9AE2F1C3320}
		{7E0097D4-CBD0-4790-A370-0A4BAE70F193} = {A4BC41CB-6215-4F87-9FB6-F9AE2F1C3320}
		{90ABD365-8107-49E3-9B6D-1C55E17013AF} = {A4BC41CB-6215-4F87-9FB6-F9AE2F1C3320}
		{D2E42A79-6443-4A33-8C12-8FACF5B69D1B} = {D1286CC7-4E70-46ED-9FD9-4B36AFE78E8D}
		{1654E143-5587-4152-9570-0D3A340FA1AA} = {D2E42A79-6443-4A33-8C12-8FACF5B69D1B}
	EndGlobalSection
	GlobalSection(ExtensibilityGlobals) = postSolution
		SolutionGuid = {EF80A80F-3048-4F17-B639-A0A461DE8128}
	EndGlobalSection
EndGlobal
